
Microsoft Visual Studio Solution File, Format Version 12.00
# Visual Studio Version 16
VisualStudioVersion = 16.0.28803.202
MinimumVisualStudioVersion = 10.0.40219.1
Project("{FAE04EC0-301F-11D3-BF4B-00C04F79EFBC}") = "App_Secao07", "App_Secao07\App_Secao07\App_Secao07.csproj", "{EDAB4F3A-F392-4275-A86B-1EC8EAAAADF3}"
EndProject
Project("{FAE04EC0-301F-11D3-BF4B-00C04F79EFBC}") = "App_Secao07.Android", "App_Secao07\App_Secao07.Android\App_Secao07.Android.csproj", "{548B48B4-BBD9-4D84-9391-5815DDB62A93}"
EndProject
Project("{FAE04EC0-301F-11D3-BF4B-00C04F79EFBC}") = "App_Secao07.iOS", "App_Secao07\App_Secao07.iOS\App_Secao07.iOS.csproj", "{16727F26-242F-4512-8177-1AE6CC5BDFB7}"
EndProject
Project("{FAE04EC0-301F-11D3-BF4B-00C04F79EFBC}") = "App_Secao07.UWP", "App_Secao07\App_Secao07.UWP\App_Secao07.UWP.csproj", "{4730709C-36C8-4290-AD62-961B725983BF}"
EndProject
Global
	GlobalSection(SolutionConfigurationPlatforms) = preSolution
		Ad-Hoc|Any CPU = Ad-Hoc|Any CPU
		Ad-Hoc|ARM = Ad-Hoc|ARM
		Ad-Hoc|iPhone = Ad-Hoc|iPhone
		Ad-Hoc|iPhoneSimulator = Ad-Hoc|iPhoneSimulator
		Ad-Hoc|x64 = Ad-Hoc|x64
		Ad-Hoc|x86 = Ad-Hoc|x86
		AppStore|Any CPU = AppStore|Any CPU
		AppStore|ARM = AppStore|ARM
		AppStore|iPhone = AppStore|iPhone
		AppStore|iPhoneSimulator = AppStore|iPhoneSimulator
		AppStore|x64 = AppStore|x64
		AppStore|x86 = AppStore|x86
		Debug|Any CPU = Debug|Any CPU
		Debug|ARM = Debug|ARM
		Debug|iPhone = Debug|iPhone
		Debug|iPhoneSimulator = Debug|iPhoneSimulator
		Debug|x64 = Debug|x64
		Debug|x86 = Debug|x86
		Release|Any CPU = Release|Any CPU
		Release|ARM = Release|ARM
		Release|iPhone = Release|iPhone
		Release|iPhoneSimulator = Release|iPhoneSimulator
		Release|x64 = Release|x64
		Release|x86 = Release|x86
	EndGlobalSection
	GlobalSection(ProjectConfigurationPlatforms) = postSolution
		{EDAB4F3A-F392-4275-A86B-1EC8EAAAADF3}.Ad-Hoc|Any CPU.ActiveCfg = Debug|Any CPU
		{EDAB4F3A-F392-4275-A86B-1EC8EAAAADF3}.Ad-Hoc|Any CPU.Build.0 = Debug|Any CPU
		{EDAB4F3A-F392-4275-A86B-1EC8EAAAADF3}.Ad-Hoc|ARM.ActiveCfg = Debug|Any CPU
		{EDAB4F3A-F392-4275-A86B-1EC8EAAAADF3}.Ad-Hoc|ARM.Build.0 = Debug|Any CPU
		{EDAB4F3A-F392-4275-A86B-1EC8EAAAADF3}.Ad-Hoc|iPhone.ActiveCfg = Debug|Any CPU
		{EDAB4F3A-F392-4275-A86B-1EC8EAAAADF3}.Ad-Hoc|iPhone.Build.0 = Debug|Any CPU
		{EDAB4F3A-F392-4275-A86B-1EC8EAAAADF3}.Ad-Hoc|iPhoneSimulator.ActiveCfg = Debug|Any CPU
		{EDAB4F3A-F392-4275-A86B-1EC8EAAAADF3}.Ad-Hoc|iPhoneSimulator.Build.0 = Debug|Any CPU
		{EDAB4F3A-F392-4275-A86B-1EC8EAAAADF3}.Ad-Hoc|x64.ActiveCfg = Debug|Any CPU
		{EDAB4F3A-F392-4275-A86B-1EC8EAAAADF3}.Ad-Hoc|x64.Build.0 = Debug|Any CPU
		{EDAB4F3A-F392-4275-A86B-1EC8EAAAADF3}.Ad-Hoc|x86.ActiveCfg = Debug|Any CPU
		{EDAB4F3A-F392-4275-A86B-1EC8EAAAADF3}.Ad-Hoc|x86.Build.0 = Debug|Any CPU
		{EDAB4F3A-F392-4275-A86B-1EC8EAAAADF3}.AppStore|Any CPU.ActiveCfg = Debug|Any CPU
		{EDAB4F3A-F392-4275-A86B-1EC8EAAAADF3}.AppStore|Any CPU.Build.0 = Debug|Any CPU
		{EDAB4F3A-F392-4275-A86B-1EC8EAAAADF3}.AppStore|ARM.ActiveCfg = Debug|Any CPU
		{EDAB4F3A-F392-4275-A86B-1EC8EAAAADF3}.AppStore|ARM.Build.0 = Debug|Any CPU
		{EDAB4F3A-F392-4275-A86B-1EC8EAAAADF3}.AppStore|iPhone.ActiveCfg = Debug|Any CPU
		{EDAB4F3A-F392-4275-A86B-1EC8EAAAADF3}.AppStore|iPhone.Build.0 = Debug|Any CPU
		{EDAB4F3A-F392-4275-A86B-1EC8EAAAADF3}.AppStore|iPhoneSimulator.ActiveCfg = Debug|Any CPU
		{EDAB4F3A-F392-4275-A86B-1EC8EAAAADF3}.AppStore|iPhoneSimulator.Build.0 = Debug|Any CPU
		{EDAB4F3A-F392-4275-A86B-1EC8EAAAADF3}.AppStore|x64.ActiveCfg = Debug|Any CPU
		{EDAB4F3A-F392-4275-A86B-1EC8EAAAADF3}.AppStore|x64.Build.0 = Debug|Any CPU
		{EDAB4F3A-F392-4275-A86B-1EC8EAAAADF3}.AppStore|x86.ActiveCfg = Debug|Any CPU
		{EDAB4F3A-F392-4275-A86B-1EC8EAAAADF3}.AppStore|x86.Build.0 = Debug|Any CPU
		{EDAB4F3A-F392-4275-A86B-1EC8EAAAADF3}.Debug|Any CPU.ActiveCfg = Debug|Any CPU
		{EDAB4F3A-F392-4275-A86B-1EC8EAAAADF3}.Debug|Any CPU.Build.0 = Debug|Any CPU
		{EDAB4F3A-F392-4275-A86B-1EC8EAAAADF3}.Debug|ARM.ActiveCfg = Debug|Any CPU
		{EDAB4F3A-F392-4275-A86B-1EC8EAAAADF3}.Debug|ARM.Build.0 = Debug|Any CPU
		{EDAB4F3A-F392-4275-A86B-1EC8EAAAADF3}.Debug|iPhone.ActiveCfg = Debug|Any CPU
		{EDAB4F3A-F392-4275-A86B-1EC8EAAAADF3}.Debug|iPhone.Build.0 = Debug|Any CPU
		{EDAB4F3A-F392-4275-A86B-1EC8EAAAADF3}.Debug|iPhoneSimulator.ActiveCfg = Debug|Any CPU
		{EDAB4F3A-F392-4275-A86B-1EC8EAAAADF3}.Debug|iPhoneSimulator.Build.0 = Debug|Any CPU
		{EDAB4F3A-F392-4275-A86B-1EC8EAAAADF3}.Debug|x64.ActiveCfg = Debug|Any CPU
		{EDAB4F3A-F392-4275-A86B-1EC8EAAAADF3}.Debug|x64.Build.0 = Debug|Any CPU
		{EDAB4F3A-F392-4275-A86B-1EC8EAAAADF3}.Debug|x86.ActiveCfg = Debug|Any CPU
		{EDAB4F3A-F392-4275-A86B-1EC8EAAAADF3}.Debug|x86.Build.0 = Debug|Any CPU
		{EDAB4F3A-F392-4275-A86B-1EC8EAAAADF3}.Release|Any CPU.ActiveCfg = Release|Any CPU
		{EDAB4F3A-F392-4275-A86B-1EC8EAAAADF3}.Release|Any CPU.Build.0 = Release|Any CPU
		{EDAB4F3A-F392-4275-A86B-1EC8EAAAADF3}.Release|ARM.ActiveCfg = Release|Any CPU
		{EDAB4F3A-F392-4275-A86B-1EC8EAAAADF3}.Release|ARM.Build.0 = Release|Any CPU
		{EDAB4F3A-F392-4275-A86B-1EC8EAAAADF3}.Release|iPhone.ActiveCfg = Release|Any CPU
		{EDAB4F3A-F392-4275-A86B-1EC8EAAAADF3}.Release|iPhone.Build.0 = Release|Any CPU
		{EDAB4F3A-F392-4275-A86B-1EC8EAAAADF3}.Release|iPhoneSimulator.ActiveCfg = Release|Any CPU
		{EDAB4F3A-F392-4275-A86B-1EC8EAAAADF3}.Release|iPhoneSimulator.Build.0 = Release|Any CPU
		{EDAB4F3A-F392-4275-A86B-1EC8EAAAADF3}.Release|x64.ActiveCfg = Release|Any CPU
		{EDAB4F3A-F392-4275-A86B-1EC8EAAAADF3}.Release|x64.Build.0 = Release|Any CPU
		{EDAB4F3A-F392-4275-A86B-1EC8EAAAADF3}.Release|x86.ActiveCfg = Release|Any CPU
		{EDAB4F3A-F392-4275-A86B-1EC8EAAAADF3}.Release|x86.Build.0 = Release|Any CPU
		{548B48B4-BBD9-4D84-9391-5815DDB62A93}.Ad-Hoc|Any CPU.ActiveCfg = Release|Any CPU
		{548B48B4-BBD9-4D84-9391-5815DDB62A93}.Ad-Hoc|Any CPU.Build.0 = Release|Any CPU
		{548B48B4-BBD9-4D84-9391-5815DDB62A93}.Ad-Hoc|Any CPU.Deploy.0 = Release|Any CPU
		{548B48B4-BBD9-4D84-9391-5815DDB62A93}.Ad-Hoc|ARM.ActiveCfg = Release|Any CPU
		{548B48B4-BBD9-4D84-9391-5815DDB62A93}.Ad-Hoc|ARM.Build.0 = Release|Any CPU
		{548B48B4-BBD9-4D84-9391-5815DDB62A93}.Ad-Hoc|ARM.Deploy.0 = Release|Any CPU
		{548B48B4-BBD9-4D84-9391-5815DDB62A93}.Ad-Hoc|iPhone.ActiveCfg = Release|Any CPU
		{548B48B4-BBD9-4D84-9391-5815DDB62A93}.Ad-Hoc|iPhone.Build.0 = Release|Any CPU
		{548B48B4-BBD9-4D84-9391-5815DDB62A93}.Ad-Hoc|iPhone.Deploy.0 = Release|Any CPU
		{548B48B4-BBD9-4D84-9391-5815DDB62A93}.Ad-Hoc|iPhoneSimulator.ActiveCfg = Release|Any CPU
		{548B48B4-BBD9-4D84-9391-5815DDB62A93}.Ad-Hoc|iPhoneSimulator.Build.0 = Release|Any CPU
		{548B48B4-BBD9-4D84-9391-5815DDB62A93}.Ad-Hoc|iPhoneSimulator.Deploy.0 = Release|Any CPU
		{548B48B4-BBD9-4D84-9391-5815DDB62A93}.Ad-Hoc|x64.ActiveCfg = Release|Any CPU
		{548B48B4-BBD9-4D84-9391-5815DDB62A93}.Ad-Hoc|x64.Build.0 = Release|Any CPU
		{548B48B4-BBD9-4D84-9391-5815DDB62A93}.Ad-Hoc|x64.Deploy.0 = Release|Any CPU
		{548B48B4-BBD9-4D84-9391-5815DDB62A93}.Ad-Hoc|x86.ActiveCfg = Release|Any CPU
		{548B48B4-BBD9-4D84-9391-5815DDB62A93}.Ad-Hoc|x86.Build.0 = Release|Any CPU
		{548B48B4-BBD9-4D84-9391-5815DDB62A93}.Ad-Hoc|x86.Deploy.0 = Release|Any CPU
		{548B48B4-BBD9-4D84-9391-5815DDB62A93}.AppStore|Any CPU.ActiveCfg = Release|Any CPU
		{548B48B4-BBD9-4D84-9391-5815DDB62A93}.AppStore|Any CPU.Build.0 = Release|Any CPU
		{548B48B4-BBD9-4D84-9391-5815DDB62A93}.AppStore|Any CPU.Deploy.0 = Release|Any CPU
		{548B48B4-BBD9-4D84-9391-5815DDB62A93}.AppStore|ARM.ActiveCfg = Release|Any CPU
		{548B48B4-BBD9-4D84-9391-5815DDB62A93}.AppStore|ARM.Build.0 = Release|Any CPU
		{548B48B4-BBD9-4D84-9391-5815DDB62A93}.AppStore|ARM.Deploy.0 = Release|Any CPU
		{548B48B4-BBD9-4D84-9391-5815DDB62A93}.AppStore|iPhone.ActiveCfg = Release|Any CPU
		{548B48B4-BBD9-4D84-9391-5815DDB62A93}.AppStore|iPhone.Build.0 = Release|Any CPU
		{548B48B4-BBD9-4D84-9391-5815DDB62A93}.AppStore|iPhone.Deploy.0 = Release|Any CPU
		{548B48B4-BBD9-4D84-9391-5815DDB62A93}.AppStore|iPhoneSimulator.ActiveCfg = Release|Any CPU
		{548B48B4-BBD9-4D84-9391-5815DDB62A93}.AppStore|iPhoneSimulator.Build.0 = Release|Any CPU
		{548B48B4-BBD9-4D84-9391-5815DDB62A93}.AppStore|iPhoneSimulator.Deploy.0 = Release|Any CPU
		{548B48B4-BBD9-4D84-9391-5815DDB62A93}.AppStore|x64.ActiveCfg = Release|Any CPU
		{548B48B4-BBD9-4D84-9391-5815DDB62A93}.AppStore|x64.Build.0 = Release|Any CPU
		{548B48B4-BBD9-4D84-9391-5815DDB62A93}.AppStore|x64.Deploy.0 = Release|Any CPU
		{548B48B4-BBD9-4D84-9391-5815DDB62A93}.AppStore|x86.ActiveCfg = Release|Any CPU
		{548B48B4-BBD9-4D84-9391-5815DDB62A93}.AppStore|x86.Build.0 = Release|Any CPU
		{548B48B4-BBD9-4D84-9391-5815DDB62A93}.AppStore|x86.Deploy.0 = Release|Any CPU
		{548B48B4-BBD9-4D84-9391-5815DDB62A93}.Debug|Any CPU.ActiveCfg = Debug|Any CPU
		{548B48B4-BBD9-4D84-9391-5815DDB62A93}.Debug|Any CPU.Build.0 = Debug|Any CPU
		{548B48B4-BBD9-4D84-9391-5815DDB62A93}.Debug|Any CPU.Deploy.0 = Debug|Any CPU
		{548B48B4-BBD9-4D84-9391-5815DDB62A93}.Debug|ARM.ActiveCfg = Debug|Any CPU
		{548B48B4-BBD9-4D84-9391-5815DDB62A93}.Debug|ARM.Build.0 = Debug|Any CPU
		{548B48B4-BBD9-4D84-9391-5815DDB62A93}.Debug|ARM.Deploy.0 = Debug|Any CPU
		{548B48B4-BBD9-4D84-9391-5815DDB62A93}.Debug|iPhone.ActiveCfg = Debug|Any CPU
		{548B48B4-BBD9-4D84-9391-5815DDB62A93}.Debug|iPhone.Build.0 = Debug|Any CPU
		{548B48B4-BBD9-4D84-9391-5815DDB62A93}.Debug|iPhone.Deploy.0 = Debug|Any CPU
		{548B48B4-BBD9-4D84-9391-5815DDB62A93}.Debug|iPhoneSimulator.ActiveCfg = Debug|Any CPU
		{548B48B4-BBD9-4D84-9391-5815DDB62A93}.Debug|iPhoneSimulator.Build.0 = Debug|Any CPU
		{548B48B4-BBD9-4D84-9391-5815DDB62A93}.Debug|iPhoneSimulator.Deploy.0 = Debug|Any CPU
		{548B48B4-BBD9-4D84-9391-5815DDB62A93}.Debug|x64.ActiveCfg = Debug|Any CPU
		{548B48B4-BBD9-4D84-9391-5815DDB62A93}.Debug|x64.Build.0 = Debug|Any CPU
		{548B48B4-BBD9-4D84-9391-5815DDB62A93}.Debug|x64.Deploy.0 = Debug|Any CPU
		{548B48B4-BBD9-4D84-9391-5815DDB62A93}.Debug|x86.ActiveCfg = Debug|Any CPU
		{548B48B4-BBD9-4D84-9391-5815DDB62A93}.Debug|x86.Build.0 = Debug|Any CPU
		{548B48B4-BBD9-4D84-9391-5815DDB62A93}.Debug|x86.Deploy.0 = Debug|Any CPU
		{548B48B4-BBD9-4D84-9391-5815DDB62A93}.Release|Any CPU.ActiveCfg = Release|Any CPU
		{548B48B4-BBD9-4D84-9391-5815DDB62A93}.Release|Any CPU.Build.0 = Release|Any CPU
		{548B48B4-BBD9-4D84-9391-5815DDB62A93}.Release|Any CPU.Deploy.0 = Release|Any CPU
		{548B48B4-BBD9-4D84-9391-5815DDB62A93}.Release|ARM.ActiveCfg = Release|Any CPU
		{548B48B4-BBD9-4D84-9391-5815DDB62A93}.Release|ARM.Build.0 = Release|Any CPU
		{548B48B4-BBD9-4D84-9391-5815DDB62A93}.Release|ARM.Deploy.0 = Release|Any CPU
		{548B48B4-BBD9-4D84-9391-5815DDB62A93}.Release|iPhone.ActiveCfg = Release|Any CPU
		{548B48B4-BBD9-4D84-9391-5815DDB62A93}.Release|iPhone.Build.0 = Release|Any CPU
		{548B48B4-BBD9-4D84-9391-5815DDB62A93}.Release|iPhone.Deploy.0 = Release|Any CPU
		{548B48B4-BBD9-4D84-9391-5815DDB62A93}.Release|iPhoneSimulator.ActiveCfg = Release|Any CPU
		{548B48B4-BBD9-4D84-9391-5815DDB62A93}.Release|iPhoneSimulator.Build.0 = Release|Any CPU
		{548B48B4-BBD9-4D84-9391-5815DDB62A93}.Release|iPhoneSimulator.Deploy.0 = Release|Any CPU
		{548B48B4-BBD9-4D84-9391-5815DDB62A93}.Release|x64.ActiveCfg = Release|Any CPU
		{548B48B4-BBD9-4D84-9391-5815DDB62A93}.Release|x64.Build.0 = Release|Any CPU
		{548B48B4-BBD9-4D84-9391-5815DDB62A93}.Release|x64.Deploy.0 = Release|Any CPU
		{548B48B4-BBD9-4D84-9391-5815DDB62A93}.Release|x86.ActiveCfg = Release|Any CPU
		{548B48B4-BBD9-4D84-9391-5815DDB62A93}.Release|x86.Build.0 = Release|Any CPU
		{548B48B4-BBD9-4D84-9391-5815DDB62A93}.Release|x86.Deploy.0 = Release|Any CPU
		{16727F26-242F-4512-8177-1AE6CC5BDFB7}.Ad-Hoc|Any CPU.ActiveCfg = Ad-Hoc|iPhone
		{16727F26-242F-4512-8177-1AE6CC5BDFB7}.Ad-Hoc|ARM.ActiveCfg = Ad-Hoc|iPhone
		{16727F26-242F-4512-8177-1AE6CC5BDFB7}.Ad-Hoc|iPhone.ActiveCfg = Ad-Hoc|iPhone
		{16727F26-242F-4512-8177-1AE6CC5BDFB7}.Ad-Hoc|iPhone.Build.0 = Ad-Hoc|iPhone
		{16727F26-242F-4512-8177-1AE6CC5BDFB7}.Ad-Hoc|iPhoneSimulator.ActiveCfg = Ad-Hoc|iPhoneSimulator
		{16727F26-242F-4512-8177-1AE6CC5BDFB7}.Ad-Hoc|iPhoneSimulator.Build.0 = Ad-Hoc|iPhoneSimulator
		{16727F26-242F-4512-8177-1AE6CC5BDFB7}.Ad-Hoc|x64.ActiveCfg = Ad-Hoc|iPhone
		{16727F26-242F-4512-8177-1AE6CC5BDFB7}.Ad-Hoc|x86.ActiveCfg = Ad-Hoc|iPhone
		{16727F26-242F-4512-8177-1AE6CC5BDFB7}.AppStore|Any CPU.ActiveCfg = AppStore|iPhone
		{16727F26-242F-4512-8177-1AE6CC5BDFB7}.AppStore|ARM.ActiveCfg = AppStore|iPhone
		{16727F26-242F-4512-8177-1AE6CC5BDFB7}.AppStore|iPhone.ActiveCfg = AppStore|iPhone
		{16727F26-242F-4512-8177-1AE6CC5BDFB7}.AppStore|iPhone.Build.0 = AppStore|iPhone
		{16727F26-242F-4512-8177-1AE6CC5BDFB7}.AppStore|iPhoneSimulator.ActiveCfg = AppStore|iPhoneSimulator
		{16727F26-242F-4512-8177-1AE6CC5BDFB7}.AppStore|iPhoneSimulator.Build.0 = AppStore|iPhoneSimulator
		{16727F26-242F-4512-8177-1AE6CC5BDFB7}.AppStore|x64.ActiveCfg = AppStore|iPhone
		{16727F26-242F-4512-8177-1AE6CC5BDFB7}.AppStore|x86.ActiveCfg = AppStore|iPhone
		{16727F26-242F-4512-8177-1AE6CC5BDFB7}.Debug|Any CPU.ActiveCfg = Debug|iPhone
		{16727F26-242F-4512-8177-1AE6CC5BDFB7}.Debug|ARM.ActiveCfg = Debug|iPhone
		{16727F26-242F-4512-8177-1AE6CC5BDFB7}.Debug|iPhone.ActiveCfg = Debug|iPhone
		{16727F26-242F-4512-8177-1AE6CC5BDFB7}.Debug|iPhone.Build.0 = Debug|iPhone
		{16727F26-242F-4512-8177-1AE6CC5BDFB7}.Debug|iPhoneSimulator.ActiveCfg = Debug|iPhoneSimulator
		{16727F26-242F-4512-8177-1AE6CC5BDFB7}.Debug|iPhoneSimulator.Build.0 = Debug|iPhoneSimulator
		{16727F26-242F-4512-8177-1AE6CC5BDFB7}.Debug|x64.ActiveCfg = Debug|iPhone
		{16727F26-242F-4512-8177-1AE6CC5BDFB7}.Debug|x86.ActiveCfg = Debug|iPhone
		{16727F26-242F-4512-8177-1AE6CC5BDFB7}.Release|Any CPU.ActiveCfg = Release|iPhone
		{16727F26-242F-4512-8177-1AE6CC5BDFB7}.Release|ARM.ActiveCfg = Release|iPhone
		{16727F26-242F-4512-8177-1AE6CC5BDFB7}.Release|iPhone.ActiveCfg = Release|iPhone
		{16727F26-242F-4512-8177-1AE6CC5BDFB7}.Release|iPhone.Build.0 = Release|iPhone
		{16727F26-242F-4512-8177-1AE6CC5BDFB7}.Release|iPhoneSimulator.ActiveCfg = Release|iPhoneSimulator
		{16727F26-242F-4512-8177-1AE6CC5BDFB7}.Release|iPhoneSimulator.Build.0 = Release|iPhoneSimulator
		{16727F26-242F-4512-8177-1AE6CC5BDFB7}.Release|x64.ActiveCfg = Release|iPhone
		{16727F26-242F-4512-8177-1AE6CC5BDFB7}.Release|x86.ActiveCfg = Release|iPhone
		{4730709C-36C8-4290-AD62-961B725983BF}.Ad-Hoc|Any CPU.ActiveCfg = Release|x86
		{4730709C-36C8-4290-AD62-961B725983BF}.Ad-Hoc|Any CPU.Build.0 = Release|x86
		{4730709C-36C8-4290-AD62-961B725983BF}.Ad-Hoc|Any CPU.Deploy.0 = Release|x86
		{4730709C-36C8-4290-AD62-961B725983BF}.Ad-Hoc|ARM.ActiveCfg = Release|ARM
		{4730709C-36C8-4290-AD62-961B725983BF}.Ad-Hoc|ARM.Build.0 = Release|ARM
		{4730709C-36C8-4290-AD62-961B725983BF}.Ad-Hoc|ARM.Deploy.0 = Release|ARM
		{4730709C-36C8-4290-AD62-961B725983BF}.Ad-Hoc|iPhone.ActiveCfg = Release|x86
		{4730709C-36C8-4290-AD62-961B725983BF}.Ad-Hoc|iPhone.Build.0 = Release|x86
		{4730709C-36C8-4290-AD62-961B725983BF}.Ad-Hoc|iPhone.Deploy.0 = Release|x86
		{4730709C-36C8-4290-AD62-961B725983BF}.Ad-Hoc|iPhoneSimulator.ActiveCfg = Release|x86
		{4730709C-36C8-4290-AD62-961B725983BF}.Ad-Hoc|iPhoneSimulator.Build.0 = Release|x86
		{4730709C-36C8-4290-AD62-961B725983BF}.Ad-Hoc|iPhoneSimulator.Deploy.0 = Release|x86
		{4730709C-36C8-4290-AD62-961B725983BF}.Ad-Hoc|x64.ActiveCfg = Release|x64
		{4730709C-36C8-4290-AD62-961B725983BF}.Ad-Hoc|x64.Build.0 = Release|x64
		{4730709C-36C8-4290-AD62-961B725983BF}.Ad-Hoc|x64.Deploy.0 = Release|x64
		{4730709C-36C8-4290-AD62-961B725983BF}.Ad-Hoc|x86.ActiveCfg = Release|x86
		{4730709C-36C8-4290-AD62-961B725983BF}.Ad-Hoc|x86.Build.0 = Release|x86
		{4730709C-36C8-4290-AD62-961B725983BF}.Ad-Hoc|x86.Deploy.0 = Release|x86
		{4730709C-36C8-4290-AD62-961B725983BF}.AppStore|Any CPU.ActiveCfg = Release|x86
		{4730709C-36C8-4290-AD62-961B725983BF}.AppStore|Any CPU.Build.0 = Release|x86
		{4730709C-36C8-4290-AD62-961B725983BF}.AppStore|Any CPU.Deploy.0 = Release|x86
		{4730709C-36C8-4290-AD62-961B725983BF}.AppStore|ARM.ActiveCfg = Release|ARM
		{4730709C-36C8-4290-AD62-961B725983BF}.AppStore|ARM.Build.0 = Release|ARM
		{4730709C-36C8-4290-AD62-961B725983BF}.AppStore|ARM.Deploy.0 = Release|ARM
		{4730709C-36C8-4290-AD62-961B725983BF}.AppStore|iPhone.ActiveCfg = Release|x86
		{4730709C-36C8-4290-AD62-961B725983BF}.AppStore|iPhone.Build.0 = Release|x86
		{4730709C-36C8-4290-AD62-961B725983BF}.AppStore|iPhone.Deploy.0 = Release|x86
		{4730709C-36C8-4290-AD62-961B725983BF}.AppStore|iPhoneSimulator.ActiveCfg = Release|x86
		{4730709C-36C8-4290-AD62-961B725983BF}.AppStore|iPhoneSimulator.Build.0 = Release|x86
		{4730709C-36C8-4290-AD62-961B725983BF}.AppStore|iPhoneSimulator.Deploy.0 = Release|x86
		{4730709C-36C8-4290-AD62-961B725983BF}.AppStore|x64.ActiveCfg = Release|x64
		{4730709C-36C8-4290-AD62-961B725983BF}.AppStore|x64.Build.0 = Release|x64
		{4730709C-36C8-4290-AD62-961B725983BF}.AppStore|x64.Deploy.0 = Release|x64
		{4730709C-36C8-4290-AD62-961B725983BF}.AppStore|x86.ActiveCfg = Release|x86
		{4730709C-36C8-4290-AD62-961B725983BF}.AppStore|x86.Build.0 = Release|x86
		{4730709C-36C8-4290-AD62-961B725983BF}.AppStore|x86.Deploy.0 = Release|x86
		{4730709C-36C8-4290-AD62-961B725983BF}.Debug|Any CPU.ActiveCfg = Debug|x86
		{4730709C-36C8-4290-AD62-961B725983BF}.Debug|ARM.ActiveCfg = Debug|ARM
		{4730709C-36C8-4290-AD62-961B725983BF}.Debug|ARM.Build.0 = Debug|ARM
		{4730709C-36C8-4290-AD62-961B725983BF}.Debug|ARM.Deploy.0 = Debug|ARM
		{4730709C-36C8-4290-AD62-961B725983BF}.Debug|iPhone.ActiveCfg = Debug|x86
		{4730709C-36C8-4290-AD62-961B725983BF}.Debug|iPhoneSimulator.ActiveCfg = Debug|x86
		{4730709C-36C8-4290-AD62-961B725983BF}.Debug|x64.ActiveCfg = Debug|x64
		{4730709C-36C8-4290-AD62-961B725983BF}.Debug|x64.Build.0 = Debug|x64
		{4730709C-36C8-4290-AD62-961B725983BF}.Debug|x64.Deploy.0 = Debug|x64
		{4730709C-36C8-4290-AD62-961B725983BF}.Debug|x86.ActiveCfg = Debug|x86
		{4730709C-36C8-4290-AD62-961B725983BF}.Debug|x86.Build.0 = Debug|x86
		{4730709C-36C8-4290-AD62-961B725983BF}.Debug|x86.Deploy.0 = Debug|x86
		{4730709C-36C8-4290-AD62-961B725983BF}.Release|Any CPU.ActiveCfg = Release|x86
		{4730709C-36C8-4290-AD62-961B725983BF}.Release|ARM.ActiveCfg = Release|ARM
		{4730709C-36C8-4290-AD62-961B725983BF}.Release|ARM.Build.0 = Release|ARM
		{4730709C-36C8-4290-AD62-961B725983BF}.Release|ARM.Deploy.0 = Release|ARM
		{4730709C-36C8-4290-AD62-961B725983BF}.Release|iPhone.ActiveCfg = Release|x86
		{4730709C-36C8-4290-AD62-961B725983BF}.Release|iPhoneSimulator.ActiveCfg = Release|x86
		{4730709C-36C8-4290-AD62-961B725983BF}.Release|x64.ActiveCfg = Release|x64
		{4730709C-36C8-4290-AD62-961B725983BF}.Release|x64.Build.0 = Release|x64
		{4730709C-36C8-4290-AD62-961B725983BF}.Release|x64.Deploy.0 = Release|x64
		{4730709C-36C8-4290-AD62-961B725983BF}.Release|x86.ActiveCfg = Release|x86
		{4730709C-36C8-4290-AD62-961B725983BF}.Release|x86.Build.0 = Release|x86
		{4730709C-36C8-4290-AD62-961B725983BF}.Release|x86.Deploy.0 = Release|x86
	EndGlobalSection
	GlobalSection(SolutionProperties) = preSolution
		HideSolutionNode = FALSE
	EndGlobalSection
	GlobalSection(ExtensibilityGlobals) = postSolution
		SolutionGuid = {2F0A19E0-D3D1-4287-B6D3-2711FD626BB9}
	EndGlobalSection
EndGlobal
